
Microsoft Visual Studio Solution File, Format Version 12.00
Project("{FAE04EC0-301F-11D3-BF4B-00C04F79EFBC}") = "cphw_02_17", "cphw_02_17\cphw_02_17.csproj", "{C0E34A3A-4BAC-48FF-9326-FB81FB1CC9FB}"
EndProject
Global
	GlobalSection(SolutionConfigurationPlatforms) = preSolution
		Debug|Any CPU = Debug|Any CPU
		Release|Any CPU = Release|Any CPU
	EndGlobalSection
	GlobalSection(ProjectConfigurationPlatforms) = postSolution
		{C0E34A3A-4BAC-48FF-9326-FB81FB1CC9FB}.Debug|Any CPU.ActiveCfg = Debug|Any CPU
		{C0E34A3A-4BAC-48FF-9326-FB81FB1CC9FB}.Debug|Any CPU.Build.0 = Debug|Any CPU
		{C0E34A3A-4BAC-48FF-9326-FB81FB1CC9FB}.Release|Any CPU.ActiveCfg = Release|Any CPU
		{C0E34A3A-4BAC-48FF-9326-FB81FB1CC9FB}.Release|Any CPU.Build.0 = Release|Any CPU
	EndGlobalSection
EndGlobal
